
Microsoft Visual Studio Solution File, Format Version 12.00
# Visual Studio 15
Project("{FAE04EC0-301F-11D3-BF4B-00C04F79EFBC}") = "Assembly-CSharp", "Assembly-CSharp.csproj", "{9F109C6F-3415-D2B0-C06B-2DDCB039AC2B}"
EndProject
Global
	GlobalSection(SolutionConfigurationPlatforms) = preSolution
		Debug|Any CPU = Debug|Any CPU
		Release|Any CPU = Release|Any CPU
	EndGlobalSection
	GlobalSection(ProjectConfigurationPlatforms) = postSolution
		{9F109C6F-3415-D2B0-C06B-2DDCB039AC2B}.Debug|Any CPU.ActiveCfg = Debug|Any CPU
		{9F109C6F-3415-D2B0-C06B-2DDCB039AC2B}.Debug|Any CPU.Build.0 = Debug|Any CPU
		{9F109C6F-3415-D2B0-C06B-2DDCB039AC2B}.Release|Any CPU.ActiveCfg = Release|Any CPU
		{9F109C6F-3415-D2B0-C06B-2DDCB039AC2B}.Release|Any CPU.Build.0 = Release|Any CPU
	EndGlobalSection
	GlobalSection(SolutionProperties) = preSolution
		HideSolutionNode = FALSE
	EndGlobalSection
EndGlobal
